
Microsoft Visual Studio Solution File, Format Version 12.00
# Visual Studio Version 17
VisualStudioVersion = 17.4.33205.214
MinimumVisualStudioVersion = 10.0.40219.1
Project("{9A19103F-16F7-4668-BE54-9A1E7A4F7556}") = "BankApp", "BankApp\BankApp.csproj", "{A294F3F6-033E-4CC7-A055-FF5A7078138B}"
EndProject
Project("{FAE04EC0-301F-11D3-BF4B-00C04F79EFBC}") = "BankApp.Test", "BankApp.Test\BankApp.Test.csproj", "{B583C559-570F-42E0-B494-A6EF48AF2A34}"
EndProject
Global
	GlobalSection(SolutionConfigurationPlatforms) = preSolution
		Debug|Any CPU = Debug|Any CPU
		Release|Any CPU = Release|Any CPU
	EndGlobalSection
	GlobalSection(ProjectConfigurationPlatforms) = postSolution
		{A294F3F6-033E-4CC7-A055-FF5A7078138B}.Debug|Any CPU.ActiveCfg = Debug|Any CPU
		{A294F3F6-033E-4CC7-A055-FF5A7078138B}.Debug|Any CPU.Build.0 = Debug|Any CPU
		{A294F3F6-033E-4CC7-A055-FF5A7078138B}.Release|Any CPU.ActiveCfg = Release|Any CPU
		{A294F3F6-033E-4CC7-A055-FF5A7078138B}.Release|Any CPU.Build.0 = Release|Any CPU
		{B583C559-570F-42E0-B494-A6EF48AF2A34}.Debug|Any CPU.ActiveCfg = Debug|Any CPU
		{B583C559-570F-42E0-B494-A6EF48AF2A34}.Debug|Any CPU.Build.0 = Debug|Any CPU
		{B583C559-570F-42E0-B494-A6EF48AF2A34}.Release|Any CPU.ActiveCfg = Release|Any CPU
		{B583C559-570F-42E0-B494-A6EF48AF2A34}.Release|Any CPU.Build.0 = Release|Any CPU
	EndGlobalSection
	GlobalSection(SolutionProperties) = preSolution
		HideSolutionNode = FALSE
	EndGlobalSection
	GlobalSection(ExtensibilityGlobals) = postSolution
		SolutionGuid = {0FA3C5CD-E15C-441E-91A3-F6A6885CCBDC}
	EndGlobalSection
EndGlobal
